
Microsoft Visual Studio Solution File, Format Version 12.00
# Visual Studio Version 16
VisualStudioVersion = 16.0.30717.126
MinimumVisualStudioVersion = 10.0.40219.1
Project("{9A19103F-16F7-4668-BE54-9A1E7A4F7556}") = "Tokenizer", "Sample\Tokenizer.csproj", "{A3B77379-8B36-4FBE-AC8E-3717A3342789}"
EndProject
Global
	GlobalSection(SolutionConfigurationPlatforms) = preSolution
		Debug|Any CPU = Debug|Any CPU
		Release|Any CPU = Release|Any CPU
	EndGlobalSection
	GlobalSection(ProjectConfigurationPlatforms) = postSolution
		{A3B77379-8B36-4FBE-AC8E-3717A3342789}.Debug|Any CPU.ActiveCfg = Debug|Any CPU
		{A3B77379-8B36-4FBE-AC8E-3717A3342789}.Debug|Any CPU.Build.0 = Debug|Any CPU
		{A3B77379-8B36-4FBE-AC8E-3717A3342789}.Release|Any CPU.ActiveCfg = Release|Any CPU
		{A3B77379-8B36-4FBE-AC8E-3717A3342789}.Release|Any CPU.Build.0 = Release|Any CPU
	EndGlobalSection
	GlobalSection(SolutionProperties) = preSolution
		HideSolutionNode = FALSE
	EndGlobalSection
	GlobalSection(ExtensibilityGlobals) = postSolution
		SolutionGuid = {B9FEF710-BBD5-49E4-83E1-2BC66983A1B4}
	EndGlobalSection
EndGlobal
